
Microsoft Visual Studio Solution File, Format Version 12.00
# Visual Studio Version 17
VisualStudioVersion = 17.2.32616.157
MinimumVisualStudioVersion = 10.0.40219.1
Project("{FAE04EC0-301F-11D3-BF4B-00C04F79EFBC}") = "Clock", "Clock.csproj", "{88BEC0D6-F48A-482B-AC8D-149C0D31AF6A}"
EndProject
Global
	GlobalSection(SolutionConfigurationPlatforms) = preSolution
		Debug|Any CPU = Debug|Any CPU
		Release|Any CPU = Release|Any CPU
	EndGlobalSection
	GlobalSection(ProjectConfigurationPlatforms) = postSolution
		{88BEC0D6-F48A-482B-AC8D-149C0D31AF6A}.Debug|Any CPU.ActiveCfg = Debug|Any CPU
		{88BEC0D6-F48A-482B-AC8D-149C0D31AF6A}.Debug|Any CPU.Build.0 = Debug|Any CPU
		{88BEC0D6-F48A-482B-AC8D-149C0D31AF6A}.Release|Any CPU.ActiveCfg = Release|Any CPU
		{88BEC0D6-F48A-482B-AC8D-149C0D31AF6A}.Release|Any CPU.Build.0 = Release|Any CPU
	EndGlobalSection
	GlobalSection(SolutionProperties) = preSolution
		HideSolutionNode = FALSE
	EndGlobalSection
	GlobalSection(ExtensibilityGlobals) = postSolution
		SolutionGuid = {D346CD5F-D3FA-44F6-88E7-D9D17AA26C36}
	EndGlobalSection
EndGlobal
